
Microsoft Visual Studio Solution File, Format Version 12.00
# Visual Studio Version 16
VisualStudioVersion = 16.0.29709.97
MinimumVisualStudioVersion = 10.0.40219.1
Project("{FAE04EC0-301F-11D3-BF4B-00C04F79EFBC}") = "Bank", "Bank.csproj", "{5B9F3BE8-D6F7-456C-A2E6-B4B02942CC03}"
EndProject
Global
	GlobalSection(SolutionConfigurationPlatforms) = preSolution
		Debug|Any CPU = Debug|Any CPU
		Release|Any CPU = Release|Any CPU
	EndGlobalSection
	GlobalSection(ProjectConfigurationPlatforms) = postSolution
		{5B9F3BE8-D6F7-456C-A2E6-B4B02942CC03}.Debug|Any CPU.ActiveCfg = Debug|Any CPU
		{5B9F3BE8-D6F7-456C-A2E6-B4B02942CC03}.Debug|Any CPU.Build.0 = Debug|Any CPU
		{5B9F3BE8-D6F7-456C-A2E6-B4B02942CC03}.Release|Any CPU.ActiveCfg = Release|Any CPU
		{5B9F3BE8-D6F7-456C-A2E6-B4B02942CC03}.Release|Any CPU.Build.0 = Release|Any CPU
	EndGlobalSection
	GlobalSection(SolutionProperties) = preSolution
		HideSolutionNode = FALSE
	EndGlobalSection
	GlobalSection(ExtensibilityGlobals) = postSolution
		SolutionGuid = {1673A194-3E10-4DDD-A482-1CE2B10BD0FF}
	EndGlobalSection
EndGlobal
